
Microsoft Visual Studio Solution File, Format Version 12.00
# Visual Studio Version 17
VisualStudioVersion = 17.4.33403.182
MinimumVisualStudioVersion = 10.0.40219.1
Project("{FAE04EC0-301F-11D3-BF4B-00C04F79EFBC}") = "ProgrammingFoundationsDesignPatterns2LIL", "ProgrammingFoundationsDesignPatterns2LIL.csproj", "{CDC6C998-CD86-49A8-A697-A5A3BB95D2E7}"
EndProject
Global
	GlobalSection(SolutionConfigurationPlatforms) = preSolution
		Debug|Any CPU = Debug|Any CPU
		Release|Any CPU = Release|Any CPU
	EndGlobalSection
	GlobalSection(ProjectConfigurationPlatforms) = postSolution
		{CDC6C998-CD86-49A8-A697-A5A3BB95D2E7}.Debug|Any CPU.ActiveCfg = Debug|Any CPU
		{CDC6C998-CD86-49A8-A697-A5A3BB95D2E7}.Debug|Any CPU.Build.0 = Debug|Any CPU
		{CDC6C998-CD86-49A8-A697-A5A3BB95D2E7}.Release|Any CPU.ActiveCfg = Release|Any CPU
		{CDC6C998-CD86-49A8-A697-A5A3BB95D2E7}.Release|Any CPU.Build.0 = Release|Any CPU
	EndGlobalSection
	GlobalSection(SolutionProperties) = preSolution
		HideSolutionNode = FALSE
	EndGlobalSection
	GlobalSection(ExtensibilityGlobals) = postSolution
		SolutionGuid = {B80E5454-BCBD-416C-9683-978801FBBFC4}
	EndGlobalSection
EndGlobal
